schema: '2.0'
stages:
  data_ingestion:
    cmd: python ./taxi_demand_prediction/data_ingestion.py
    deps:
    - path: ./data/raw/yellow_tripdata_2016-01.csv
      hash: md5
      md5: dbbfeaf3e090c885588085f0f40acc38
      size: 1708674492
    - path: ./data/raw/yellow_tripdata_2016-02.csv
      hash: md5
      md5: b5403017ef15378aad4d477542065962
      size: 1783554554
    - path: ./data/raw/yellow_tripdata_2016-03.csv
      hash: md5
      md5: fbc95c81a17ef549e64881a456662460
      size: 1914669757
    - path: ./taxi_demand_prediction/data_ingestion.py
      hash: md5
      md5: d073cc59e0c1ac5a9ae6656dceff7fd3
      size: 9982
    outs:
    - path: ./data/interim/df_without_outliers.csv
      hash: md5
      md5: dfd723e2f538f5475039d72d42c235d2
      size: 1924079864
  extract_features:
    cmd: python ./taxi_demand_prediction/extract_features.py
    deps:
    - path: ./data/interim/df_without_outliers.csv
      hash: md5
      md5: dfd723e2f538f5475039d72d42c235d2
      size: 1924079864
    - path: ./taxi_demand_prediction/extract_features.py
      hash: md5
      md5: 2f0eec8a0487d9e1721879f8a8877d5c
      size: 14343
    params:
      params.yaml:
        extract_features.ewma.alpha: 0.4
        extract_features.mini_batch_kmeans.n_clusters: 30
        extract_features.mini_batch_kmeans.n_init: 20
        extract_features.mini_batch_kmeans.random_state: 42
    outs:
    - path: ./data/processed/resampled_data.csv
      hash: md5
      md5: ed4bab758479a078084a25b4a6d7dd47
      size: 8480304
    - path: ./models/mb_kmeans.joblib
      hash: md5
      md5: 25cc43a9037d5824380539474befe716
      size: 143771
    - path: ./models/scaler.joblib
      hash: md5
      md5: b018f036d9481c012637214736b80c05
      size: 999
  feature_engineering:
    cmd: python ./taxi_demand_prediction/feature_engineering.py
    deps:
    - path: ./data/processed/resampled_data.csv
      hash: md5
      md5: ed4bab758479a078084a25b4a6d7dd47
      size: 8480304
    - path: ./taxi_demand_prediction/feature_engineering.py
      hash: md5
      md5: 0413ba6eb494eabb3d3b0c2a9f3fae18
      size: 9812
    outs:
    - path: ./data/processed/test.csv
      hash: md5
      md5: 06ade3860623df46e24dacda6dce2eb8
      size: 4989674
    - path: ./data/processed/train.csv
      hash: md5
      md5: 3a6d9a1a1f28a77c13cf948a4cd1ba75
      size: 9609288
  model_training:
    cmd: python ./taxi_demand_prediction/model_training.py
    deps:
    - path: ./data/processed/train.csv
      hash: md5
      md5: 3a6d9a1a1f28a77c13cf948a4cd1ba75
      size: 9609288
    - path: ./taxi_demand_prediction/model_training.py
      hash: md5
      md5: 2d5112dd246dea39e3313fbb0172e393
      size: 10146
    outs:
    - path: ./models/encoder.joblib
      hash: md5
      md5: 163070181639c1acb6cbd99a9bfd062d
      size: 3493
    - path: ./models/model.joblib
      hash: md5
      md5: 8c4060584d9584ed40412c109e9b824f
      size: 2345
